
Microsoft Visual Studio Solution File, Format Version 12.00
# Visual Studio 15
VisualStudioVersion = 15.0.27428.2037
MinimumVisualStudioVersion = 10.0.40219.1
Project("{FAE04EC0-301F-11D3-BF4B-00C04F79EFBC}") = "PersusANS", "PersusANS\PersusANS.csproj", "{194B8F88-E753-4F85-9BD9-6A04EA823367}"
EndProject
Global
	GlobalSection(SolutionConfigurationPlatforms) = preSolution
		Debug|Any CPU = Debug|Any CPU
		Release|Any CPU = Release|Any CPU
	EndGlobalSection
	GlobalSection(ProjectConfigurationPlatforms) = postSolution
		{194B8F88-E753-4F85-9BD9-6A04EA823367}.Debug|Any CPU.ActiveCfg = Debug|Any CPU
		{194B8F88-E753-4F85-9BD9-6A04EA823367}.Debug|Any CPU.Build.0 = Debug|Any CPU
		{194B8F88-E753-4F85-9BD9-6A04EA823367}.Release|Any CPU.ActiveCfg = Release|Any CPU
		{194B8F88-E753-4F85-9BD9-6A04EA823367}.Release|Any CPU.Build.0 = Release|Any CPU
	EndGlobalSection
	GlobalSection(SolutionProperties) = preSolution
		HideSolutionNode = FALSE
	EndGlobalSection
	GlobalSection(ExtensibilityGlobals) = postSolution
		SolutionGuid = {8706CED7-98A8-42F7-91CC-432BAEBF825B}
	EndGlobalSection
EndGlobal
